
Microsoft Visual Studio Solution File, Format Version 12.00
# Visual Studio 15
VisualStudioVersion = 15.0.27130.0
MinimumVisualStudioVersion = 10.0.40219.1
Project("{8BC9CEB8-8B4A-11D0-8D11-00A0C91BC942}") = "BubbleSortWithSimpleLinkedList", "BubbleSortWithSimpleLinkedList\BubbleSortWithSimpleLinkedList.vcxproj", "{140276FB-B13D-4AD4-A1F9-E933DF799E89}"
EndProject
Global
	GlobalSection(SolutionConfigurationPlatforms) = preSolution
		Debug|x64 = Debug|x64
		Debug|x86 = Debug|x86
		Release|x64 = Release|x64
		Release|x86 = Release|x86
	EndGlobalSection
	GlobalSection(ProjectConfigurationPlatforms) = postSolution
		{140276FB-B13D-4AD4-A1F9-E933DF799E89}.Debug|x64.ActiveCfg = Debug|x64
		{140276FB-B13D-4AD4-A1F9-E933DF799E89}.Debug|x64.Build.0 = Debug|x64
		{140276FB-B13D-4AD4-A1F9-E933DF799E89}.Debug|x86.ActiveCfg = Debug|Win32
		{140276FB-B13D-4AD4-A1F9-E933DF799E89}.Debug|x86.Build.0 = Debug|Win32
		{140276FB-B13D-4AD4-A1F9-E933DF799E89}.Release|x64.ActiveCfg = Release|x64
		{140276FB-B13D-4AD4-A1F9-E933DF799E89}.Release|x64.Build.0 = Release|x64
		{140276FB-B13D-4AD4-A1F9-E933DF799E89}.Release|x86.ActiveCfg = Release|Win32
		{140276FB-B13D-4AD4-A1F9-E933DF799E89}.Release|x86.Build.0 = Release|Win32
	EndGlobalSection
	GlobalSection(SolutionProperties) = preSolution
		HideSolutionNode = FALSE
	EndGlobalSection
	GlobalSection(ExtensibilityGlobals) = postSolution
		SolutionGuid = {F88570C5-FAA5-4FAD-BBDF-F063A4C51568}
	EndGlobalSection
EndGlobal
